
Microsoft Visual Studio Solution File, Format Version 12.00
# Visual Studio Version 16
VisualStudioVersion = 16.0.30011.22
MinimumVisualStudioVersion = 10.0.40219.1
Project("{FAE04EC0-301F-11D3-BF4B-00C04F79EFBC}") = "DEMOs", "DEMOs\DEMOs.csproj", "{88CB4CEF-E6DE-4FB5-840F-5F285ECE184A}"
EndProject
Project("{FAE04EC0-301F-11D3-BF4B-00C04F79EFBC}") = "Email", "Email\Email.csproj", "{97B6B535-0AD2-4300-8A09-6411E8B5A24B}"
EndProject
Global
	GlobalSection(SolutionConfigurationPlatforms) = preSolution
		Debug|Any CPU = Debug|Any CPU
		Release|Any CPU = Release|Any CPU
	EndGlobalSection
	GlobalSection(ProjectConfigurationPlatforms) = postSolution
		{88CB4CEF-E6DE-4FB5-840F-5F285ECE184A}.Debug|Any CPU.ActiveCfg = Debug|Any CPU
		{88CB4CEF-E6DE-4FB5-840F-5F285ECE184A}.Debug|Any CPU.Build.0 = Debug|Any CPU
		{88CB4CEF-E6DE-4FB5-840F-5F285ECE184A}.Release|Any CPU.ActiveCfg = Release|Any CPU
		{88CB4CEF-E6DE-4FB5-840F-5F285ECE184A}.Release|Any CPU.Build.0 = Release|Any CPU
		{97B6B535-0AD2-4300-8A09-6411E8B5A24B}.Debug|Any CPU.ActiveCfg = Debug|Any CPU
		{97B6B535-0AD2-4300-8A09-6411E8B5A24B}.Debug|Any CPU.Build.0 = Debug|Any CPU
		{97B6B535-0AD2-4300-8A09-6411E8B5A24B}.Release|Any CPU.ActiveCfg = Release|Any CPU
		{97B6B535-0AD2-4300-8A09-6411E8B5A24B}.Release|Any CPU.Build.0 = Release|Any CPU
	EndGlobalSection
	GlobalSection(SolutionProperties) = preSolution
		HideSolutionNode = FALSE
	EndGlobalSection
	GlobalSection(ExtensibilityGlobals) = postSolution
		SolutionGuid = {4710D9B4-3BD7-4E27-B5FC-261C74F063A7}
	EndGlobalSection
EndGlobal
